
Microsoft Visual Studio Solution File, Format Version 12.00
# Visual Studio 15
VisualStudioVersion = 15.0.27428.2005
MinimumVisualStudioVersion = 10.0.40219.1
Project("{9092AA53-FB77-4645-B42D-1CCCA6BD08BD}") = "NodejsConsoleApp1", "NodejsConsoleApp1\NodejsConsoleApp1.njsproj", "{1D12F70F-A30B-4D75-B8F9-EBB2BFB9054F}"
EndProject
Global
	GlobalSection(SolutionConfigurationPlatforms) = preSolution
		Debug|Any CPU = Debug|Any CPU
		Release|Any CPU = Release|Any CPU
	EndGlobalSection
	GlobalSection(ProjectConfigurationPlatforms) = postSolution
		{1D12F70F-A30B-4D75-B8F9-EBB2BFB9054F}.Debug|Any CPU.ActiveCfg = Debug|Any CPU
		{1D12F70F-A30B-4D75-B8F9-EBB2BFB9054F}.Debug|Any CPU.Build.0 = Debug|Any CPU
		{1D12F70F-A30B-4D75-B8F9-EBB2BFB9054F}.Release|Any CPU.ActiveCfg = Release|Any CPU
		{1D12F70F-A30B-4D75-B8F9-EBB2BFB9054F}.Release|Any CPU.Build.0 = Release|Any CPU
	EndGlobalSection
	GlobalSection(SolutionProperties) = preSolution
		HideSolutionNode = FALSE
	EndGlobalSection
	GlobalSection(ExtensibilityGlobals) = postSolution
		SolutionGuid = {D29C22AC-7B7F-4C00-82B3-450E3B1D06A0}
	EndGlobalSection
EndGlobal
